
Microsoft Visual Studio Solution File, Format Version 12.00
# Visual Studio Version 17
VisualStudioVersion = 17.5.33424.131
MinimumVisualStudioVersion = 10.0.40219.1
Project("{9A19103F-16F7-4668-BE54-9A1E7A4F7556}") = "DirectumMeetings", "DirectumMeetings\DirectumMeetings.csproj", "{DFB9C421-C8DC-49C6-A6D6-E7FB47B523AB}"
EndProject
Project("{FAE04EC0-301F-11D3-BF4B-00C04F79EFBC}") = "DirectumMeetingsTest", "DirectumMeetingsTest\DirectumMeetingsTest.csproj", "{E7CCFFA2-08D4-438E-B565-37B98B3DA368}"
EndProject
Global
	GlobalSection(SolutionConfigurationPlatforms) = preSolution
		Debug|Any CPU = Debug|Any CPU
		Release|Any CPU = Release|Any CPU
	EndGlobalSection
	GlobalSection(ProjectConfigurationPlatforms) = postSolution
		{DFB9C421-C8DC-49C6-A6D6-E7FB47B523AB}.Debug|Any CPU.ActiveCfg = Debug|Any CPU
		{DFB9C421-C8DC-49C6-A6D6-E7FB47B523AB}.Debug|Any CPU.Build.0 = Debug|Any CPU
		{DFB9C421-C8DC-49C6-A6D6-E7FB47B523AB}.Release|Any CPU.ActiveCfg = Release|Any CPU
		{DFB9C421-C8DC-49C6-A6D6-E7FB47B523AB}.Release|Any CPU.Build.0 = Release|Any CPU
		{E7CCFFA2-08D4-438E-B565-37B98B3DA368}.Debug|Any CPU.ActiveCfg = Debug|Any CPU
		{E7CCFFA2-08D4-438E-B565-37B98B3DA368}.Debug|Any CPU.Build.0 = Debug|Any CPU
		{E7CCFFA2-08D4-438E-B565-37B98B3DA368}.Release|Any CPU.ActiveCfg = Release|Any CPU
		{E7CCFFA2-08D4-438E-B565-37B98B3DA368}.Release|Any CPU.Build.0 = Release|Any CPU
	EndGlobalSection
	GlobalSection(SolutionProperties) = preSolution
		HideSolutionNode = FALSE
	EndGlobalSection
	GlobalSection(ExtensibilityGlobals) = postSolution
		SolutionGuid = {245EE31A-AEA5-45BD-874B-61A224EB9942}
	EndGlobalSection
EndGlobal
